// !$*UTF8*$!
{
	archiveVersion = 1;
	classes = {
	};
	objectVersion = 50;
	objects = {

/* Begin PBXBuildFile section */
		04363F9322D580990065A17E /* CollectionViewCell.swift in Sources */ = {isa = PBXBuildFile; fileRef = 04363F9222D580990065A17E /* CollectionViewCell.swift */; };
		04B928C322D57B6C004DA540 /* AppDelegate.swift in Sources */ = {isa = PBXBuildFile; fileRef = 04B928C222D57B6C004DA540 /* AppDelegate.swift */; };
		04B928C522D57B6C004DA540 /* ViewController.swift in Sources */ = {isa = PBXBuildFile; fileRef = 04B928C422D57B6C004DA540 /* ViewController.swift */; };
		04B928C822D57B6C004DA540 /* Main.storyboard in Resources */ = {isa = PBXBuildFile; fileRef = 04B928C622D57B6C004DA540 /* Main.storyboard */; };
		04B928CA22D57B6D004DA540 /* Assets.xcassets in Resources */ = {isa = PBXBuildFile; fileRef = 04B928C922D57B6D004DA540 /* Assets.xcassets */; };
		04B928CD22D57B6D004DA540 /* LaunchScreen.storyboard in Resources */ = {isa = PBXBuildFile; fileRef = 04B928CB22D57B6D004DA540 /* LaunchScreen.storyboard */; };
		04B928D822D57B6D004DA540 /* collectionLayoutTests.swift in Sources */ = {isa = PBXBuildFile; fileRef = 04B928D722D57B6D004DA540 /* collectionLayoutTests.swift */; };
		04B928E322D57C44004DA540 /* CollectionViewController.swift in Sources */ = {isa = PBXBuildFile; fileRef = 04B928E222D57C44004DA540 /* CollectionViewController.swift */; };
/* End PBXBuildFile section */

/* Begin PBXContainerItemProxy section */
		04B928D422D57B6D004DA540 /* PBXContainerItemProxy */ = {
			isa = PBXContainerItemProxy;
			containerPortal = 04B928B722D57B6C004DA540 /* Project object */;
			proxyType = 1;
			remoteGlobalIDString = 04B928BE22D57B6C004DA540;
			remoteInfo = collectionLayout;
		};
/* End PBXContainerItemProxy section */

/* Begin PBXFileReference section */
		04363F9222D580990065A17E /* CollectionViewCell.swift */ = {isa = PBXFileReference; lastKnownFileType = sourcecode.swift; path = CollectionViewCell.swift; sourceTree = "<group>"; };
		04B928BF22D57B6C004DA540 /* collectionLayout.app */ = {isa = PBXFileReference; explicitFileType = wrapper.application; includeInIndex = 0; path = collectionLayout.app; sourceTree = BUILT_PRODUCTS_DIR; };
		04B928C222D57B6C004DA540 /* AppDelegate.swift */ = {isa = PBXFileReference; lastKnownFileType = sourcecode.swift; path = AppDelegate.swift; sourceTree = "<group>"; };
		04B928C422D57B6C004DA540 /* ViewController.swift */ = {isa = PBXFileReference; lastKnownFileType = sourcecode.swift; path = ViewController.swift; sourceTree = "<group>"; };
		04B928C722D57B6C004DA540 /* Base */ = {isa = PBXFileReference; lastKnownFileType = file.storyboard; name = Base; path = Base.lproj/Main.storyboard; sourceTree = "<group>"; };
		04B928C922D57B6D004DA540 /* Assets.xcassets */ = {isa = PBXFileReference; lastKnownFileType = folder.assetcatalog; path = Assets.xcassets; sourceTree = "<group>"; };
		04B928CC22D57B6D004DA540 /* Base */ = {isa = PBXFileReference; lastKnownFileType = file.storyboard; name = Base; path = Base.lproj/LaunchScreen.storyboard; sourceTree = "<group>"; };
		04B928CE22D57B6D004DA540 /* Info.plist */ = {isa = PBXFileReference; lastKnownFileType = text.plist.xml; path = Info.plist; sourceTree = "<group>"; };
		04B928D322D57B6D004DA540 /* collectionLayoutTests.xctest */ = {isa = PBXFileReference; explicitFileType = wrapper.cfbundle; includeInIndex = 0; path = collectionLayoutTests.xctest; sourceTree = BUILT_PRODUCTS_DIR; };
		04B928D722D57B6D004DA540 /* collectionLayoutTests.swift */ = {isa = PBXFileReference; lastKnownFileType = sourcecode.swift; path = collectionLayoutTests.swift; sourceTree = "<group>"; };
		04B928D922D57B6D004DA540 /* Info.plist */ = {isa = PBXFileReference; lastKnownFileType = text.plist.xml; path = Info.plist; sourceTree = "<group>"; };
		04B928E222D57C44004DA540 /* CollectionViewController.swift */ = {isa = PBXFileReference; lastKnownFileType = sourcecode.swift; path = CollectionViewController.swift; sourceTree = "<group>"; };
/* End PBXFileReference section */

/* Begin PBXFrameworksBuildPhase section */
		04B928BC22D57B6C004DA540 /* Frameworks */ = {
			isa = PBXFrameworksBuildPhase;
			buildActionMask = 2147483647;
			files = (
			);
			runOnlyForDeploymentPostprocessing = 0;
		};
		04B928D022D57B6D004DA540 /* Frameworks */ = {
			isa = PBXFrameworksBuildPhase;
			buildActionMask = 2147483647;
			files = (
			);
			runOnlyForDeploymentPostprocessing = 0;
		};
/* End PBXFrameworksBuildPhase section */

/* Begin PBXGroup section */
		04B928B622D57B6C004DA540 = {
			isa = PBXGroup;
			children = (
				04B928C122D57B6C004DA540 /* collectionLayout */,
				04B928D622D57B6D004DA540 /* collectionLayoutTests */,
				04B928C022D57B6C004DA540 /* Products */,
			);
			sourceTree = "<group>";
		};
		04B928C022D57B6C004DA540 /* Products */ = {
			isa = PBXGroup;
			children = (
				04B928BF22D57B6C004DA540 /* collectionLayout.app */,
				04B928D322D57B6D004DA540 /* collectionLayoutTests.xctest */,
			);
			name = Products;
			sourceTree = "<group>";
		};
		04B928C122D57B6C004DA540 /* collectionLayout */ = {
			isa = PBXGroup;
			children = (
				04B928C222D57B6C004DA540 /* AppDelegate.swift */,
				04B928C422D57B6C004DA540 /* ViewController.swift */,
				04B928E222D57C44004DA540 /* CollectionViewController.swift */,
				04B928C622D57B6C004DA540 /* Main.storyboard */,
				04B928C922D57B6D004DA540 /* Assets.xcassets */,
				04B928CB22D57B6D004DA540 /* LaunchScreen.storyboard */,
				04B928CE22D57B6D004DA540 /* Info.plist */,
				04363F9222D580990065A17E /* CollectionViewCell.swift */,
			);
			path = collectionLayout;
			sourceTree = "<group>";
		};
		04B928D622D57B6D004DA540 /* collectionLayoutTests */ = {
			isa = PBXGroup;
			children = (
				04B928D722D57B6D004DA540 /* collectionLayoutTests.swift */,
				04B928D922D57B6D004DA540 /* Info.plist */,
			);
			path = collectionLayoutTests;
			sourceTree = "<group>";
		};
/* End PBXGroup section */

/* Begin PBXNativeTarget section */
		04B928BE22D57B6C004DA540 /* collectionLayout */ = {
			isa = PBXNativeTarget;
			buildConfigurationList = 04B928DC22D57B6D004DA540 /* Build configuration list for PBXNativeTarget "collectionLayout" */;
			buildPhases = (
				04B928BB22D57B6C004DA540 /* Sources */,
				04B928BC22D57B6C004DA540 /* Frameworks */,
				04B928BD22D57B6C004DA540 /* Resources */,
			);
			buildRules = (
			);
			dependencies = (
			);
			name = collectionLayout;
			productName = collectionLayout;
			productReference = 04B928BF22D57B6C004DA540 /* collectionLayout.app */;
			productType = "com.apple.product-type.application";
		};
		04B928D222D57B6D004DA540 /* collectionLayoutTests */ = {
			isa = PBXNativeTarget;
			buildConfigurationList = 04B928DF22D57B6D004DA540 /* Build configuration list for PBXNativeTarget "collectionLayoutTests" */;
			buildPhases = (
				04B928CF22D57B6D004DA540 /* Sources */,
				04B928D022D57B6D004DA540 /* Frameworks */,
				04B928D122D57B6D004DA540 /* Resources */,
			);
			buildRules = (
			);
			dependencies = (
				04B928D522D57B6D004DA540 /* PBXTargetDependency */,
			);
			name = collectionLayoutTests;
			productName = collectionLayoutTests;
			productReference = 04B928D322D57B6D004DA540 /* collectionLayoutTests.xctest */;
			productType = "com.apple.product-type.bundle.unit-test";
		};
/* End PBXNativeTarget section */

/* Begin PBXProject section */
		04B928B722D57B6C004DA540 /* Project object */ = {
			isa = PBXProject;
			attributes = {
				LastSwiftUpdateCheck = 1000;
				LastUpgradeCheck = 1000;
				ORGANIZATIONNAME = WayneEnterprise;
				TargetAttributes = {
					04B928BE22D57B6C004DA540 = {
						CreatedOnToolsVersion = 10.0;
					};
					04B928D222D57B6D004DA540 = {
						CreatedOnToolsVersion = 10.0;
						TestTargetID = 04B928BE22D57B6C004DA540;
					};
				};
			};
			buildConfigurationList = 04B928BA22D57B6C004DA540 /* Build configuration list for PBXProject "collectionLayout" */;
			compatibilityVersion = "Xcode 9.3";
			developmentRegion = en;
			hasScannedForEncodings = 0;
			knownRegions = (
				en,
				Base,
			);
			mainGroup = 04B928B622D57B6C004DA540;
			productRefGroup = 04B928C022D57B6C004DA540 /* Products */;
			projectDirPath = "";
			projectRoot = "";
			targets = (
				04B928BE22D57B6C004DA540 /* collectionLayout */,
				04B928D222D57B6D004DA540 /* collectionLayoutTests */,
			);
		};
/* End PBXProject section */

/* Begin PBXResourcesBuildPhase section */
		04B928BD22D57B6C004DA540 /* Resources */ = {
			isa = PBXResourcesBuildPhase;
			buildActionMask = 2147483647;
			files = (
				04B928CD22D57B6D004DA540 /* LaunchScreen.storyboard in Resources */,
				04B928CA22D57B6D004DA540 /* Assets.xcassets in Resources */,
				04B928C822D57B6C004DA540 /* Main.storyboard in Resources */,
			);
			runOnlyForDeploymentPostprocessing = 0;
		};
		04B928D122D57B6D004DA540 /* Resources */ = {
			isa = PBXResourcesBuildPhase;
			buildActionMask = 2147483647;
			files = (
			);
			runOnlyForDeploymentPostprocessing = 0;
		};
/* End PBXResourcesBuildPhase section */

/* Begin PBXSourcesBuildPhase section */
		04B928BB22D57B6C004DA540 /* Sources */ = {
			isa = PBXSourcesBuildPhase;
			buildActionMask = 2147483647;
			files = (
				04B928E322D57C44004DA540 /* CollectionViewController.swift in Sources */,
				04B928C522D57B6C004DA540 /* ViewController.swift in Sources */,
				04363F9322D580990065A17E /* CollectionViewCell.swift in Sources */,
				04B928C322D57B6C004DA540 /* AppDelegate.swift in Sources */,
			);
			runOnlyForDeploymentPostprocessing = 0;
		};
		04B928CF22D57B6D004DA540 /* Sources */ = {
			isa = PBXSourcesBuildPhase;
			buildActionMask = 2147483647;
			files = (
				04B928D822D57B6D004DA540 /* collectionLayoutTests.swift in Sources */,
			);
			runOnlyForDeploymentPostprocessing = 0;
		};
/* End PBXSourcesBuildPhase section */

/* Begin PBXTargetDependency section */
		04B928D522D57B6D004DA540 /* PBXTargetDependency */ = {
			isa = PBXTargetDependency;
			target = 04B928BE22D57B6C004DA540 /* collectionLayout */;
			targetProxy = 04B928D422D57B6D004DA540 /* PBXContainerItemProxy */;
		};
/* End PBXTargetDependency section */

/* Begin PBXVariantGroup section */
		04B928C622D57B6C004DA540 /* Main.storyboard */ = {
			isa = PBXVariantGroup;
			children = (
				04B928C722D57B6C004DA540 /* Base */,
			);
			name = Main.storyboard;
			sourceTree = "<group>";
		};
		04B928CB22D57B6D004DA540 /* LaunchScreen.storyboard */ = {
			isa = PBXVariantGroup;
			children = (
				04B928CC22D57B6D004DA540 /* Base */,
			);
			name = LaunchScreen.storyboard;
			sourceTree = "<group>";
		};
/* End PBXVariantGroup section */

/* Begin XCBuildConfiguration section */
		04B928DA22D57B6D004DA540 /* Debug */ = {
			isa = XCBuildConfiguration;
			buildSettings = {
				ALWAYS_SEARCH_USER_PATHS = NO;
				CLANG_ANALYZER_NONNULL = YES;
				CLANG_ANALYZER_NUMBER_OBJECT_CONVERSION = YES_AGGRESSIVE;
				CLANG_CXX_LANGUAGE_STANDARD = "gnu++14";
				CLANG_CXX_LIBRARY = "libc++";
				CLANG_ENABLE_MODULES = YES;
				CLANG_ENABLE_OBJC_ARC = YES;
				CLANG_ENABLE_OBJC_WEAK = YES;
				CLANG_WARN_BLOCK_CAPTURE_AUTORELEASING = YES;
				CLANG_WARN_BOOL_CONVERSION = YES;
				CLANG_WARN_COMMA = YES;
				CLANG_WARN_CONSTANT_CONVERSION = YES;
				CLANG_WARN_DEPRECATED_OBJC_IMPLEMENTATIONS = YES;
				CLANG_WARN_DIRECT_OBJC_ISA_USAGE = YES_ERROR;
				CLANG_WARN_DOCUMENTATION_COMMENTS = YES;
				CLANG_WARN_EMPTY_BODY = YES;
				CLANG_WARN_ENUM_CONVERSION = YES;
				CLANG_WARN_INFINITE_RECURSION = YES;
				CLANG_WARN_INT_CONVERSION = YES;
				CLANG_WARN_NON_LITERAL_NULL_CONVERSION = YES;
				CLANG_WARN_OBJC_IMPLICIT_RETAIN_SELF = YES;
				CLANG_WARN_OBJC_LITERAL_CONVERSION = YES;
				CLANG_WARN_OBJC_ROOT_CLASS = YES_ERROR;
				CLANG_WARN_RANGE_LOOP_ANALYSIS = YES;
				CLANG_WARN_STRICT_PROTOTYPES = YES;
				CLANG_WARN_SUSPICIOUS_MOVE = YES;
				CLANG_WARN_UNGUARDED_AVAILABILITY = YES_AGGRESSIVE;
				CLANG_WARN_UNREACHABLE_CODE = YES;
				CLANG_WARN__DUPLICATE_METHOD_MATCH = YES;
				CODE_SIGN_IDENTITY = "iPhone Developer";
				COPY_PHASE_STRIP = NO;
				DEBUG_INFORMATION_FORMAT = dwarf;
				ENABLE_STRICT_OBJC_MSGSEND = YES;
				ENABLE_TESTABILITY = YES;
				GCC_C_LANGUAGE_STANDARD = gnu11;
				GCC_DYNAMIC_NO_PIC = NO;
				GCC_NO_COMMON_BLOCKS = YES;
				GCC_OPTIMIZATION_LEVEL = 0;
				GCC_PREPROCESSOR_DEFINITIONS = (
					"DEBUG=1",
					"$(inherited)",
				);
				GCC_WARN_64_TO_32_BIT_CONVERSION = YES;
				GCC_WARN_ABOUT_RETURN_TYPE = YES_ERROR;
				GCC_WARN_UNDECLARED_SELECTOR = YES;
				GCC_WARN_UNINITIALIZED_AUTOS = YES_AGGRESSIVE;
				GCC_WARN_UNUSED_FUNCTION = YES;
				GCC_WARN_UNUSED_VARIABLE = YES;
				IPHONEOS_DEPLOYMENT_TARGET = 12.0;
				MTL_ENABLE_DEBUG_INFO = INCLUDE_SOURCE;
				MTL_FAST_MATH = YES;
				ONLY_ACTIVE_ARCH = YES;
				SDKROOT = iphoneos;
				SWIFT_ACTIVE_COMPILATION_CONDITIONS = DEBUG;
				SWIFT_OPTIMIZATION_LEVEL = "-Onone";
			};
			name = Debug;
		};
		04B928DB22D57B6D004DA540 /* Release */ = {
			isa = XCBuildConfiguration;
			buildSettings = {
				ALWAYS_SEARCH_USER_PATHS = NO;
				CLANG_ANALYZER_NONNULL = YES;
				CLANG_ANALYZER_NUMBER_OBJECT_CONVERSION = YES_AGGRESSIVE;
				CLANG_CXX_LANGUAGE_STANDARD = "gnu++14";
				CLANG_CXX_LIBRARY = "libc++";
				CLANG_ENABLE_MODULES = YES;
				CLANG_ENABLE_OBJC_ARC = YES;
				CLANG_ENABLE_OBJC_WEAK = YES;
				CLANG_WARN_BLOCK_CAPTURE_AUTORELEASING = YES;
				CLANG_WARN_BOOL_CONVERSION = YES;
				CLANG_WARN_COMMA = YES;
				CLANG_WARN_CONSTANT_CONVERSION = YES;
				CLANG_WARN_DEPRECATED_OBJC_IMPLEMENTATIONS = YES;
				CLANG_WARN_DIRECT_OBJC_ISA_USAGE = YES_ERROR;
				CLANG_WARN_DOCUMENTATION_COMMENTS = YES;
				CLANG_WARN_EMPTY_BODY = YES;
				CLANG_WARN_ENUM_CONVERSION = YES;
				CLANG_WARN_INFINITE_RECURSION = YES;
				CLANG_WARN_INT_CONVERSION = YES;
				CLANG_WARN_NON_LITERAL_NULL_CONVERSION = YES;
				CLANG_WARN_OBJC_IMPLICIT_RETAIN_SELF = YES;
				CLANG_WARN_OBJC_LITERAL_CONVERSION = YES;
				CLANG_WARN_OBJC_ROOT_CLASS = YES_ERROR;
				CLANG_WARN_RANGE_LOOP_ANALYSIS = YES;
				CLANG_WARN_STRICT_PROTOTYPES = YES;
				CLANG_WARN_SUSPICIOUS_MOVE = YES;
				CLANG_WARN_UNGUARDED_AVAILABILITY = YES_AGGRESSIVE;
				CLANG_WARN_UNREACHABLE_CODE = YES;
				CLANG_WARN__DUPLICATE_METHOD_MATCH = YES;
				CODE_SIGN_IDENTITY = "iPhone Developer";
				COPY_PHASE_STRIP = NO;
				DEBUG_INFORMATION_FORMAT = "dwarf-with-dsym";
				ENABLE_NS_ASSERTIONS = NO;
				ENABLE_STRICT_OBJC_MSGSEND = YES;
				GCC_C_LANGUAGE_STANDARD = gnu11;
				GCC_NO_COMMON_BLOCKS = YES;
				GCC_WARN_64_TO_32_BIT_CONVERSION = YES;
				GCC_WARN_ABOUT_RETURN_TYPE = YES_ERROR;
				GCC_WARN_UNDECLARED_SELECTOR = YES;
				GCC_WARN_UNINITIALIZED_AUTOS = YES_AGGRESSIVE;
				GCC_WARN_UNUSED_FUNCTION = YES;
				GCC_WARN_UNUSED_VARIABLE = YES;
				IPHONEOS_DEPLOYMENT_TARGET = 12.0;
				MTL_ENABLE_DEBUG_INFO = NO;
				MTL_FAST_MATH = YES;
				SDKROOT = iphoneos;
				SWIFT_COMPILATION_MODE = wholemodule;
				SWIFT_OPTIMIZATION_LEVEL = "-O";
				VALIDATE_PRODUCT = YES;
			};
			name = Release;
		};
		04B928DD22D57B6D004DA540 /* Debug */ = {
			isa = XCBuildConfiguration;
			buildSettings = {
				ASSETCATALOG_COMPILER_APPICON_NAME = AppIcon;
				CODE_SIGN_STYLE = Automatic;
				INFOPLIST_FILE = collectionLayout/Info.plist;
				LD_RUNPATH_SEARCH_PATHS = (
					"$(inherited)",
					"@executable_path/Frameworks",
				);
				PRODUCT_BUNDLE_IDENTIFIER = com.ltt.example.collectionLayout;
				PRODUCT_NAME = "$(TARGET_NAME)";
				SWIFT_VERSION = 4.2;
				TARGETED_DEVICE_FAMILY = "1,2";
			};
			name = Debug;
		};
		04B928DE22D57B6D004DA540 /* Release */ = {
			isa = XCBuildConfiguration;
			buildSettings = {
				ASSETCATALOG_COMPILER_APPICON_NAME = AppIcon;
				CODE_SIGN_STYLE = Automatic;
				INFOPLIST_FILE = collectionLayout/Info.plist;
				LD_RUNPATH_SEARCH_PATHS = (
					"$(inherited)",
					"@executable_path/Frameworks",
				);
				PRODUCT_BUNDLE_IDENTIFIER = com.ltt.example.collectionLayout;
				PRODUCT_NAME = "$(TARGET_NAME)";
				SWIFT_VERSION = 4.2;
				TARGETED_DEVICE_FAMILY = "1,2";
			};
			name = Release;
		};
		04B928E022D57B6D004DA540 /* Debug */ = {
			isa = XCBuildConfiguration;
			buildSettings = {
				ALWAYS_EMBED_SWIFT_STANDARD_LIBRARIES = YES;
				BUNDLE_LOADER = "$(TEST_HOST)";
				CODE_SIGN_STYLE = Automatic;
				INFOPLIST_FILE = collectionLayoutTests/Info.plist;
				LD_RUNPATH_SEARCH_PATHS = (
					"$(inherited)",
					"@executable_path/Frameworks",
					"@loader_path/Frameworks",
				);
				PRODUCT_BUNDLE_IDENTIFIER = com.ltt.example.collectionLayoutTests;
				PRODUCT_NAME = "$(TARGET_NAME)";
				SWIFT_VERSION = 4.2;
				TARGETED_DEVICE_FAMILY = "1,2";
				TEST_HOST = "$(BUILT_PRODUCTS_DIR)/collectionLayout.app/collectionLayout";
			};
			name = Debug;
		};
		04B928E122D57B6D004DA540 /* Release */ = {
			isa = XCBuildConfiguration;
			buildSettings = {
				ALWAYS_EMBED_SWIFT_STANDARD_LIBRARIES = YES;
				BUNDLE_LOADER = "$(TEST_HOST)";
				CODE_SIGN_STYLE = Automatic;
				INFOPLIST_FILE = collectionLayoutTests/Info.plist;
				LD_RUNPATH_SEARCH_PATHS = (
					"$(inherited)",
					"@executable_path/Frameworks",
					"@loader_path/Frameworks",
				);
				PRODUCT_BUNDLE_IDENTIFIER = com.ltt.example.collectionLayoutTests;
				PRODUCT_NAME = "$(TARGET_NAME)";
				SWIFT_VERSION = 4.2;
				TARGETED_DEVICE_FAMILY = "1,2";
				TEST_HOST = "$(BUILT_PRODUCTS_DIR)/collectionLayout.app/collectionLayout";
			};
			name = Release;
		};
/* End XCBuildConfiguration section */

/* Begin XCConfigurationList section */
		04B928BA22D57B6C004DA540 /* Build configuration list for PBXProject "collectionLayout" */ = {
			isa = XCConfigurationList;
			buildConfigurations = (
				04B928DA22D57B6D004DA540 /* Debug */,
				04B928DB22D57B6D004DA540 /* Release */,
			);
			defaultConfigurationIsVisible = 0;
			defaultConfigurationName = Release;
		};
		04B928DC22D57B6D004DA540 /* Build configuration list for PBXNativeTarget "collectionLayout" */ = {
			isa = XCConfigurationList;
			buildConfigurations = (
				04B928DD22D57B6D004DA540 /* Debug */,
				04B928DE22D57B6D004DA540 /* Release */,
			);
			defaultConfigurationIsVisible = 0;
			defaultConfigurationName = Release;
		};
		04B928DF22D57B6D004DA540 /* Build configuration list for PBXNativeTarget "collectionLayoutTests" */ = {
			isa = XCConfigurationList;
			buildConfigurations = (
				04B928E022D57B6D004DA540 /* Debug */,
				04B928E122D57B6D004DA540 /* Release */,
			);
			defaultConfigurationIsVisible = 0;
			defaultConfigurationName = Release;
		};
/* End XCConfigurationList section */
	};
	rootObject = 04B928B722D57B6C004DA540 /* Project object */;
}
