// !$*UTF8*$!
{
	archiveVersion = 1;
	classes = {
	};
	objectVersion = 50;
	objects = {

/* Begin PBXBuildFile section */
		04B9289122D48A36004DA540 /* AppDelegate.swift in Sources */ = {isa = PBXBuildFile; fileRef = 04B9289022D48A36004DA540 /* AppDelegate.swift */; };
		04B9289322D48A36004DA540 /* ViewController.swift in Sources */ = {isa = PBXBuildFile; fileRef = 04B9289222D48A36004DA540 /* ViewController.swift */; };
		04B9289622D48A36004DA540 /* Main.storyboard in Resources */ = {isa = PBXBuildFile; fileRef = 04B9289422D48A36004DA540 /* Main.storyboard */; };
		04B9289822D48A37004DA540 /* Assets.xcassets in Resources */ = {isa = PBXBuildFile; fileRef = 04B9289722D48A37004DA540 /* Assets.xcassets */; };
		04B9289B22D48A37004DA540 /* LaunchScreen.storyboard in Resources */ = {isa = PBXBuildFile; fileRef = 04B9289922D48A37004DA540 /* LaunchScreen.storyboard */; };
		04B928A622D48A37004DA540 /* TableViewExampleTests.swift in Sources */ = {isa = PBXBuildFile; fileRef = 04B928A522D48A37004DA540 /* TableViewExampleTests.swift */; };
		04B928B122D48B95004DA540 /* TableViewController.swift in Sources */ = {isa = PBXBuildFile; fileRef = 04B928B022D48B95004DA540 /* TableViewController.swift */; };
		04B928B322D48C34004DA540 /* TableViewCell.swift in Sources */ = {isa = PBXBuildFile; fileRef = 04B928B222D48C34004DA540 /* TableViewCell.swift */; };
		04B928B522D48EAF004DA540 /* HeroName.swift in Sources */ = {isa = PBXBuildFile; fileRef = 04B928B422D48EAF004DA540 /* HeroName.swift */; };
/* End PBXBuildFile section */

/* Begin PBXContainerItemProxy section */
		04B928A222D48A37004DA540 /* PBXContainerItemProxy */ = {
			isa = PBXContainerItemProxy;
			containerPortal = 04B9288522D48A36004DA540 /* Project object */;
			proxyType = 1;
			remoteGlobalIDString = 04B9288C22D48A36004DA540;
			remoteInfo = TableViewExample;
		};
/* End PBXContainerItemProxy section */

/* Begin PBXFileReference section */
		04B9288D22D48A36004DA540 /* TableViewExample.app */ = {isa = PBXFileReference; explicitFileType = wrapper.application; includeInIndex = 0; path = TableViewExample.app; sourceTree = BUILT_PRODUCTS_DIR; };
		04B9289022D48A36004DA540 /* AppDelegate.swift */ = {isa = PBXFileReference; lastKnownFileType = sourcecode.swift; path = AppDelegate.swift; sourceTree = "<group>"; };
		04B9289222D48A36004DA540 /* ViewController.swift */ = {isa = PBXFileReference; lastKnownFileType = sourcecode.swift; path = ViewController.swift; sourceTree = "<group>"; };
		04B9289522D48A36004DA540 /* Base */ = {isa = PBXFileReference; lastKnownFileType = file.storyboard; name = Base; path = Base.lproj/Main.storyboard; sourceTree = "<group>"; };
		04B9289722D48A37004DA540 /* Assets.xcassets */ = {isa = PBXFileReference; lastKnownFileType = folder.assetcatalog; path = Assets.xcassets; sourceTree = "<group>"; };
		04B9289A22D48A37004DA540 /* Base */ = {isa = PBXFileReference; lastKnownFileType = file.storyboard; name = Base; path = Base.lproj/LaunchScreen.storyboard; sourceTree = "<group>"; };
		04B9289C22D48A37004DA540 /* Info.plist */ = {isa = PBXFileReference; lastKnownFileType = text.plist.xml; path = Info.plist; sourceTree = "<group>"; };
		04B928A122D48A37004DA540 /* TableViewExampleTests.xctest */ = {isa = PBXFileReference; explicitFileType = wrapper.cfbundle; includeInIndex = 0; path = TableViewExampleTests.xctest; sourceTree = BUILT_PRODUCTS_DIR; };
		04B928A522D48A37004DA540 /* TableViewExampleTests.swift */ = {isa = PBXFileReference; lastKnownFileType = sourcecode.swift; path = TableViewExampleTests.swift; sourceTree = "<group>"; };
		04B928A722D48A37004DA540 /* Info.plist */ = {isa = PBXFileReference; lastKnownFileType = text.plist.xml; path = Info.plist; sourceTree = "<group>"; };
		04B928B022D48B95004DA540 /* TableViewController.swift */ = {isa = PBXFileReference; lastKnownFileType = sourcecode.swift; path = TableViewController.swift; sourceTree = "<group>"; };
		04B928B222D48C34004DA540 /* TableViewCell.swift */ = {isa = PBXFileReference; lastKnownFileType = sourcecode.swift; path = TableViewCell.swift; sourceTree = "<group>"; };
		04B928B422D48EAF004DA540 /* HeroName.swift */ = {isa = PBXFileReference; lastKnownFileType = sourcecode.swift; path = HeroName.swift; sourceTree = "<group>"; };
/* End PBXFileReference section */

/* Begin PBXFrameworksBuildPhase section */
		04B9288A22D48A36004DA540 /* Frameworks */ = {
			isa = PBXFrameworksBuildPhase;
			buildActionMask = 2147483647;
			files = (
			);
			runOnlyForDeploymentPostprocessing = 0;
		};
		04B9289E22D48A37004DA540 /* Frameworks */ = {
			isa = PBXFrameworksBuildPhase;
			buildActionMask = 2147483647;
			files = (
			);
			runOnlyForDeploymentPostprocessing = 0;
		};
/* End PBXFrameworksBuildPhase section */

/* Begin PBXGroup section */
		04B9288422D48A36004DA540 = {
			isa = PBXGroup;
			children = (
				04B9288F22D48A36004DA540 /* TableViewExample */,
				04B928A422D48A37004DA540 /* TableViewExampleTests */,
				04B9288E22D48A36004DA540 /* Products */,
			);
			sourceTree = "<group>";
		};
		04B9288E22D48A36004DA540 /* Products */ = {
			isa = PBXGroup;
			children = (
				04B9288D22D48A36004DA540 /* TableViewExample.app */,
				04B928A122D48A37004DA540 /* TableViewExampleTests.xctest */,
			);
			name = Products;
			sourceTree = "<group>";
		};
		04B9288F22D48A36004DA540 /* TableViewExample */ = {
			isa = PBXGroup;
			children = (
				04B9289022D48A36004DA540 /* AppDelegate.swift */,
				04B9289222D48A36004DA540 /* ViewController.swift */,
				04B928B022D48B95004DA540 /* TableViewController.swift */,
				04B928B222D48C34004DA540 /* TableViewCell.swift */,
				04B9289422D48A36004DA540 /* Main.storyboard */,
				04B9289722D48A37004DA540 /* Assets.xcassets */,
				04B9289922D48A37004DA540 /* LaunchScreen.storyboard */,
				04B9289C22D48A37004DA540 /* Info.plist */,
				04B928B422D48EAF004DA540 /* HeroName.swift */,
			);
			path = TableViewExample;
			sourceTree = "<group>";
		};
		04B928A422D48A37004DA540 /* TableViewExampleTests */ = {
			isa = PBXGroup;
			children = (
				04B928A522D48A37004DA540 /* TableViewExampleTests.swift */,
				04B928A722D48A37004DA540 /* Info.plist */,
			);
			path = TableViewExampleTests;
			sourceTree = "<group>";
		};
/* End PBXGroup section */

/* Begin PBXNativeTarget section */
		04B9288C22D48A36004DA540 /* TableViewExample */ = {
			isa = PBXNativeTarget;
			buildConfigurationList = 04B928AA22D48A37004DA540 /* Build configuration list for PBXNativeTarget "TableViewExample" */;
			buildPhases = (
				04B9288922D48A36004DA540 /* Sources */,
				04B9288A22D48A36004DA540 /* Frameworks */,
				04B9288B22D48A36004DA540 /* Resources */,
			);
			buildRules = (
			);
			dependencies = (
			);
			name = TableViewExample;
			productName = TableViewExample;
			productReference = 04B9288D22D48A36004DA540 /* TableViewExample.app */;
			productType = "com.apple.product-type.application";
		};
		04B928A022D48A37004DA540 /* TableViewExampleTests */ = {
			isa = PBXNativeTarget;
			buildConfigurationList = 04B928AD22D48A37004DA540 /* Build configuration list for PBXNativeTarget "TableViewExampleTests" */;
			buildPhases = (
				04B9289D22D48A37004DA540 /* Sources */,
				04B9289E22D48A37004DA540 /* Frameworks */,
				04B9289F22D48A37004DA540 /* Resources */,
			);
			buildRules = (
			);
			dependencies = (
				04B928A322D48A37004DA540 /* PBXTargetDependency */,
			);
			name = TableViewExampleTests;
			productName = TableViewExampleTests;
			productReference = 04B928A122D48A37004DA540 /* TableViewExampleTests.xctest */;
			productType = "com.apple.product-type.bundle.unit-test";
		};
/* End PBXNativeTarget section */

/* Begin PBXProject section */
		04B9288522D48A36004DA540 /* Project object */ = {
			isa = PBXProject;
			attributes = {
				LastSwiftUpdateCheck = 1000;
				LastUpgradeCheck = 1000;
				ORGANIZATIONNAME = WayneEnterprise;
				TargetAttributes = {
					04B9288C22D48A36004DA540 = {
						CreatedOnToolsVersion = 10.0;
					};
					04B928A022D48A37004DA540 = {
						CreatedOnToolsVersion = 10.0;
						TestTargetID = 04B9288C22D48A36004DA540;
					};
				};
			};
			buildConfigurationList = 04B9288822D48A36004DA540 /* Build configuration list for PBXProject "TableViewExample" */;
			compatibilityVersion = "Xcode 9.3";
			developmentRegion = en;
			hasScannedForEncodings = 0;
			knownRegions = (
				en,
				Base,
			);
			mainGroup = 04B9288422D48A36004DA540;
			productRefGroup = 04B9288E22D48A36004DA540 /* Products */;
			projectDirPath = "";
			projectRoot = "";
			targets = (
				04B9288C22D48A36004DA540 /* TableViewExample */,
				04B928A022D48A37004DA540 /* TableViewExampleTests */,
			);
		};
/* End PBXProject section */

/* Begin PBXResourcesBuildPhase section */
		04B9288B22D48A36004DA540 /* Resources */ = {
			isa = PBXResourcesBuildPhase;
			buildActionMask = 2147483647;
			files = (
				04B9289B22D48A37004DA540 /* LaunchScreen.storyboard in Resources */,
				04B9289822D48A37004DA540 /* Assets.xcassets in Resources */,
				04B9289622D48A36004DA540 /* Main.storyboard in Resources */,
			);
			runOnlyForDeploymentPostprocessing = 0;
		};
		04B9289F22D48A37004DA540 /* Resources */ = {
			isa = PBXResourcesBuildPhase;
			buildActionMask = 2147483647;
			files = (
			);
			runOnlyForDeploymentPostprocessing = 0;
		};
/* End PBXResourcesBuildPhase section */

/* Begin PBXSourcesBuildPhase section */
		04B9288922D48A36004DA540 /* Sources */ = {
			isa = PBXSourcesBuildPhase;
			buildActionMask = 2147483647;
			files = (
				04B9289322D48A36004DA540 /* ViewController.swift in Sources */,
				04B928B522D48EAF004DA540 /* HeroName.swift in Sources */,
				04B928B322D48C34004DA540 /* TableViewCell.swift in Sources */,
				04B928B122D48B95004DA540 /* TableViewController.swift in Sources */,
				04B9289122D48A36004DA540 /* AppDelegate.swift in Sources */,
			);
			runOnlyForDeploymentPostprocessing = 0;
		};
		04B9289D22D48A37004DA540 /* Sources */ = {
			isa = PBXSourcesBuildPhase;
			buildActionMask = 2147483647;
			files = (
				04B928A622D48A37004DA540 /* TableViewExampleTests.swift in Sources */,
			);
			runOnlyForDeploymentPostprocessing = 0;
		};
/* End PBXSourcesBuildPhase section */

/* Begin PBXTargetDependency section */
		04B928A322D48A37004DA540 /* PBXTargetDependency */ = {
			isa = PBXTargetDependency;
			target = 04B9288C22D48A36004DA540 /* TableViewExample */;
			targetProxy = 04B928A222D48A37004DA540 /* PBXContainerItemProxy */;
		};
/* End PBXTargetDependency section */

/* Begin PBXVariantGroup section */
		04B9289422D48A36004DA540 /* Main.storyboard */ = {
			isa = PBXVariantGroup;
			children = (
				04B9289522D48A36004DA540 /* Base */,
			);
			name = Main.storyboard;
			sourceTree = "<group>";
		};
		04B9289922D48A37004DA540 /* LaunchScreen.storyboard */ = {
			isa = PBXVariantGroup;
			children = (
				04B9289A22D48A37004DA540 /* Base */,
			);
			name = LaunchScreen.storyboard;
			sourceTree = "<group>";
		};
/* End PBXVariantGroup section */

/* Begin XCBuildConfiguration section */
		04B928A822D48A37004DA540 /* Debug */ = {
			isa = XCBuildConfiguration;
			buildSettings = {
				ALWAYS_SEARCH_USER_PATHS = NO;
				CLANG_ANALYZER_NONNULL = YES;
				CLANG_ANALYZER_NUMBER_OBJECT_CONVERSION = YES_AGGRESSIVE;
				CLANG_CXX_LANGUAGE_STANDARD = "gnu++14";
				CLANG_CXX_LIBRARY = "libc++";
				CLANG_ENABLE_MODULES = YES;
				CLANG_ENABLE_OBJC_ARC = YES;
				CLANG_ENABLE_OBJC_WEAK = YES;
				CLANG_WARN_BLOCK_CAPTURE_AUTORELEASING = YES;
				CLANG_WARN_BOOL_CONVERSION = YES;
				CLANG_WARN_COMMA = YES;
				CLANG_WARN_CONSTANT_CONVERSION = YES;
				CLANG_WARN_DEPRECATED_OBJC_IMPLEMENTATIONS = YES;
				CLANG_WARN_DIRECT_OBJC_ISA_USAGE = YES_ERROR;
				CLANG_WARN_DOCUMENTATION_COMMENTS = YES;
				CLANG_WARN_EMPTY_BODY = YES;
				CLANG_WARN_ENUM_CONVERSION = YES;
				CLANG_WARN_INFINITE_RECURSION = YES;
				CLANG_WARN_INT_CONVERSION = YES;
				CLANG_WARN_NON_LITERAL_NULL_CONVERSION = YES;
				CLANG_WARN_OBJC_IMPLICIT_RETAIN_SELF = YES;
				CLANG_WARN_OBJC_LITERAL_CONVERSION = YES;
				CLANG_WARN_OBJC_ROOT_CLASS = YES_ERROR;
				CLANG_WARN_RANGE_LOOP_ANALYSIS = YES;
				CLANG_WARN_STRICT_PROTOTYPES = YES;
				CLANG_WARN_SUSPICIOUS_MOVE = YES;
				CLANG_WARN_UNGUARDED_AVAILABILITY = YES_AGGRESSIVE;
				CLANG_WARN_UNREACHABLE_CODE = YES;
				CLANG_WARN__DUPLICATE_METHOD_MATCH = YES;
				CODE_SIGN_IDENTITY = "iPhone Developer";
				COPY_PHASE_STRIP = NO;
				DEBUG_INFORMATION_FORMAT = dwarf;
				ENABLE_STRICT_OBJC_MSGSEND = YES;
				ENABLE_TESTABILITY = YES;
				GCC_C_LANGUAGE_STANDARD = gnu11;
				GCC_DYNAMIC_NO_PIC = NO;
				GCC_NO_COMMON_BLOCKS = YES;
				GCC_OPTIMIZATION_LEVEL = 0;
				GCC_PREPROCESSOR_DEFINITIONS = (
					"DEBUG=1",
					"$(inherited)",
				);
				GCC_WARN_64_TO_32_BIT_CONVERSION = YES;
				GCC_WARN_ABOUT_RETURN_TYPE = YES_ERROR;
				GCC_WARN_UNDECLARED_SELECTOR = YES;
				GCC_WARN_UNINITIALIZED_AUTOS = YES_AGGRESSIVE;
				GCC_WARN_UNUSED_FUNCTION = YES;
				GCC_WARN_UNUSED_VARIABLE = YES;
				IPHONEOS_DEPLOYMENT_TARGET = 12.0;
				MTL_ENABLE_DEBUG_INFO = INCLUDE_SOURCE;
				MTL_FAST_MATH = YES;
				ONLY_ACTIVE_ARCH = YES;
				SDKROOT = iphoneos;
				SWIFT_ACTIVE_COMPILATION_CONDITIONS = DEBUG;
				SWIFT_OPTIMIZATION_LEVEL = "-Onone";
			};
			name = Debug;
		};
		04B928A922D48A37004DA540 /* Release */ = {
			isa = XCBuildConfiguration;
			buildSettings = {
				ALWAYS_SEARCH_USER_PATHS = NO;
				CLANG_ANALYZER_NONNULL = YES;
				CLANG_ANALYZER_NUMBER_OBJECT_CONVERSION = YES_AGGRESSIVE;
				CLANG_CXX_LANGUAGE_STANDARD = "gnu++14";
				CLANG_CXX_LIBRARY = "libc++";
				CLANG_ENABLE_MODULES = YES;
				CLANG_ENABLE_OBJC_ARC = YES;
				CLANG_ENABLE_OBJC_WEAK = YES;
				CLANG_WARN_BLOCK_CAPTURE_AUTORELEASING = YES;
				CLANG_WARN_BOOL_CONVERSION = YES;
				CLANG_WARN_COMMA = YES;
				CLANG_WARN_CONSTANT_CONVERSION = YES;
				CLANG_WARN_DEPRECATED_OBJC_IMPLEMENTATIONS = YES;
				CLANG_WARN_DIRECT_OBJC_ISA_USAGE = YES_ERROR;
				CLANG_WARN_DOCUMENTATION_COMMENTS = YES;
				CLANG_WARN_EMPTY_BODY = YES;
				CLANG_WARN_ENUM_CONVERSION = YES;
				CLANG_WARN_INFINITE_RECURSION = YES;
				CLANG_WARN_INT_CONVERSION = YES;
				CLANG_WARN_NON_LITERAL_NULL_CONVERSION = YES;
				CLANG_WARN_OBJC_IMPLICIT_RETAIN_SELF = YES;
				CLANG_WARN_OBJC_LITERAL_CONVERSION = YES;
				CLANG_WARN_OBJC_ROOT_CLASS = YES_ERROR;
				CLANG_WARN_RANGE_LOOP_ANALYSIS = YES;
				CLANG_WARN_STRICT_PROTOTYPES = YES;
				CLANG_WARN_SUSPICIOUS_MOVE = YES;
				CLANG_WARN_UNGUARDED_AVAILABILITY = YES_AGGRESSIVE;
				CLANG_WARN_UNREACHABLE_CODE = YES;
				CLANG_WARN__DUPLICATE_METHOD_MATCH = YES;
				CODE_SIGN_IDENTITY = "iPhone Developer";
				COPY_PHASE_STRIP = NO;
				DEBUG_INFORMATION_FORMAT = "dwarf-with-dsym";
				ENABLE_NS_ASSERTIONS = NO;
				ENABLE_STRICT_OBJC_MSGSEND = YES;
				GCC_C_LANGUAGE_STANDARD = gnu11;
				GCC_NO_COMMON_BLOCKS = YES;
				GCC_WARN_64_TO_32_BIT_CONVERSION = YES;
				GCC_WARN_ABOUT_RETURN_TYPE = YES_ERROR;
				GCC_WARN_UNDECLARED_SELECTOR = YES;
				GCC_WARN_UNINITIALIZED_AUTOS = YES_AGGRESSIVE;
				GCC_WARN_UNUSED_FUNCTION = YES;
				GCC_WARN_UNUSED_VARIABLE = YES;
				IPHONEOS_DEPLOYMENT_TARGET = 12.0;
				MTL_ENABLE_DEBUG_INFO = NO;
				MTL_FAST_MATH = YES;
				SDKROOT = iphoneos;
				SWIFT_COMPILATION_MODE = wholemodule;
				SWIFT_OPTIMIZATION_LEVEL = "-O";
				VALIDATE_PRODUCT = YES;
			};
			name = Release;
		};
		04B928AB22D48A37004DA540 /* Debug */ = {
			isa = XCBuildConfiguration;
			buildSettings = {
				ASSETCATALOG_COMPILER_APPICON_NAME = AppIcon;
				CODE_SIGN_STYLE = Automatic;
				INFOPLIST_FILE = TableViewExample/Info.plist;
				LD_RUNPATH_SEARCH_PATHS = (
					"$(inherited)",
					"@executable_path/Frameworks",
				);
				PRODUCT_BUNDLE_IDENTIFIER = com.ltt.example.TableViewExample;
				PRODUCT_NAME = "$(TARGET_NAME)";
				SWIFT_VERSION = 4.2;
				TARGETED_DEVICE_FAMILY = "1,2";
			};
			name = Debug;
		};
		04B928AC22D48A37004DA540 /* Release */ = {
			isa = XCBuildConfiguration;
			buildSettings = {
				ASSETCATALOG_COMPILER_APPICON_NAME = AppIcon;
				CODE_SIGN_STYLE = Automatic;
				INFOPLIST_FILE = TableViewExample/Info.plist;
				LD_RUNPATH_SEARCH_PATHS = (
					"$(inherited)",
					"@executable_path/Frameworks",
				);
				PRODUCT_BUNDLE_IDENTIFIER = com.ltt.example.TableViewExample;
				PRODUCT_NAME = "$(TARGET_NAME)";
				SWIFT_VERSION = 4.2;
				TARGETED_DEVICE_FAMILY = "1,2";
			};
			name = Release;
		};
		04B928AE22D48A37004DA540 /* Debug */ = {
			isa = XCBuildConfiguration;
			buildSettings = {
				ALWAYS_EMBED_SWIFT_STANDARD_LIBRARIES = YES;
				BUNDLE_LOADER = "$(TEST_HOST)";
				CODE_SIGN_STYLE = Automatic;
				INFOPLIST_FILE = TableViewExampleTests/Info.plist;
				LD_RUNPATH_SEARCH_PATHS = (
					"$(inherited)",
					"@executable_path/Frameworks",
					"@loader_path/Frameworks",
				);
				PRODUCT_BUNDLE_IDENTIFIER = com.ltt.example.TableViewExampleTests;
				PRODUCT_NAME = "$(TARGET_NAME)";
				SWIFT_VERSION = 4.2;
				TARGETED_DEVICE_FAMILY = "1,2";
				TEST_HOST = "$(BUILT_PRODUCTS_DIR)/TableViewExample.app/TableViewExample";
			};
			name = Debug;
		};
		04B928AF22D48A37004DA540 /* Release */ = {
			isa = XCBuildConfiguration;
			buildSettings = {
				ALWAYS_EMBED_SWIFT_STANDARD_LIBRARIES = YES;
				BUNDLE_LOADER = "$(TEST_HOST)";
				CODE_SIGN_STYLE = Automatic;
				INFOPLIST_FILE = TableViewExampleTests/Info.plist;
				LD_RUNPATH_SEARCH_PATHS = (
					"$(inherited)",
					"@executable_path/Frameworks",
					"@loader_path/Frameworks",
				);
				PRODUCT_BUNDLE_IDENTIFIER = com.ltt.example.TableViewExampleTests;
				PRODUCT_NAME = "$(TARGET_NAME)";
				SWIFT_VERSION = 4.2;
				TARGETED_DEVICE_FAMILY = "1,2";
				TEST_HOST = "$(BUILT_PRODUCTS_DIR)/TableViewExample.app/TableViewExample";
			};
			name = Release;
		};
/* End XCBuildConfiguration section */

/* Begin XCConfigurationList section */
		04B9288822D48A36004DA540 /* Build configuration list for PBXProject "TableViewExample" */ = {
			isa = XCConfigurationList;
			buildConfigurations = (
				04B928A822D48A37004DA540 /* Debug */,
				04B928A922D48A37004DA540 /* Release */,
			);
			defaultConfigurationIsVisible = 0;
			defaultConfigurationName = Release;
		};
		04B928AA22D48A37004DA540 /* Build configuration list for PBXNativeTarget "TableViewExample" */ = {
			isa = XCConfigurationList;
			buildConfigurations = (
				04B928AB22D48A37004DA540 /* Debug */,
				04B928AC22D48A37004DA540 /* Release */,
			);
			defaultConfigurationIsVisible = 0;
			defaultConfigurationName = Release;
		};
		04B928AD22D48A37004DA540 /* Build configuration list for PBXNativeTarget "TableViewExampleTests" */ = {
			isa = XCConfigurationList;
			buildConfigurations = (
				04B928AE22D48A37004DA540 /* Debug */,
				04B928AF22D48A37004DA540 /* Release */,
			);
			defaultConfigurationIsVisible = 0;
			defaultConfigurationName = Release;
		};
/* End XCConfigurationList section */
	};
	rootObject = 04B9288522D48A36004DA540 /* Project object */;
}
